
Microsoft Visual Studio Solution File, Format Version 11.00
# Visual Studio 2010
Project("{FAE04EC0-301F-11D3-BF4B-00C04F79EFBC}") = "ServiceTutorial4", "ServiceTutorial4.csproj", "{AAB9EE59-E407-45FE-A83B-EA3CF47E3017}"
EndProject
Global
	GlobalSection(SolutionConfigurationPlatforms) = preSolution
		Debug|Any CPU = Debug|Any CPU
		Release|Any CPU = Release|Any CPU
	EndGlobalSection
	GlobalSection(ProjectConfigurationPlatforms) = postSolution
		{AAB9EE59-E407-45FE-A83B-EA3CF47E3017}.Debug|Any CPU.ActiveCfg = Debug|Any CPU
		{AAB9EE59-E407-45FE-A83B-EA3CF47E3017}.Debug|Any CPU.Build.0 = Debug|Any CPU
		{AAB9EE59-E407-45FE-A83B-EA3CF47E3017}.Release|Any CPU.ActiveCfg = Release|Any CPU
		{AAB9EE59-E407-45FE-A83B-EA3CF47E3017}.Release|Any CPU.Build.0 = Release|Any CPU
	EndGlobalSection
	GlobalSection(SolutionProperties) = preSolution
		HideSolutionNode = FALSE
	EndGlobalSection
EndGlobal
