
Microsoft Visual Studio Solution File, Format Version 11.00
# Visual Studio 2010
Project("{FAE04EC0-301F-11D3-BF4B-00C04F79EFBC}") = "SpeechRecognizer", "..\SpeechRecognizer\SpeechRecognizer.csproj", "{025505BC-C7B0-4807-970D-407A603F618A}"
EndProject
Project("{FAE04EC0-301F-11D3-BF4B-00C04F79EFBC}") = "SpeechRecognizerGui", "SpeechRecognizerGui.csproj", "{AD4E49D4-9CED-4EB6-9E40-277CD5BFFE3D}"
	ProjectSection(ProjectDependencies) = postProject
		{025505BC-C7B0-4807-970D-407A603F618A} = {025505BC-C7B0-4807-970D-407A603F618A}
	EndProjectSection
EndProject
Global
	GlobalSection(SolutionConfigurationPlatforms) = preSolution
		Debug|Any CPU = Debug|Any CPU
		Debug|Mixed Platforms = Debug|Mixed Platforms
		Debug|Win32 = Debug|Win32
		Release|Any CPU = Release|Any CPU
		Release|Mixed Platforms = Release|Mixed Platforms
		Release|Win32 = Release|Win32
	EndGlobalSection
	GlobalSection(ProjectConfigurationPlatforms) = postSolution
		{025505BC-C7B0-4807-970D-407A603F618A}.Debug|Any CPU.ActiveCfg = Debug|Any CPU
		{025505BC-C7B0-4807-970D-407A603F618A}.Debug|Any CPU.Build.0 = Debug|Any CPU
		{025505BC-C7B0-4807-970D-407A603F618A}.Debug|Mixed Platforms.ActiveCfg = Debug|Any CPU
		{025505BC-C7B0-4807-970D-407A603F618A}.Debug|Mixed Platforms.Build.0 = Debug|Any CPU
		{025505BC-C7B0-4807-970D-407A603F618A}.Debug|Win32.ActiveCfg = Debug|Any CPU
		{025505BC-C7B0-4807-970D-407A603F618A}.Release|Any CPU.ActiveCfg = Release|Any CPU
		{025505BC-C7B0-4807-970D-407A603F618A}.Release|Mixed Platforms.ActiveCfg = Release|Any CPU
		{025505BC-C7B0-4807-970D-407A603F618A}.Release|Mixed Platforms.Build.0 = Release|Any CPU
		{025505BC-C7B0-4807-970D-407A603F618A}.Release|Win32.ActiveCfg = Release|Any CPU
		{AD4E49D4-9CED-4EB6-9E40-277CD5BFFE3D}.Debug|Any CPU.ActiveCfg = Debug|Any CPU
		{AD4E49D4-9CED-4EB6-9E40-277CD5BFFE3D}.Debug|Any CPU.Build.0 = Debug|Any CPU
		{AD4E49D4-9CED-4EB6-9E40-277CD5BFFE3D}.Debug|Mixed Platforms.ActiveCfg = Debug|Any CPU
		{AD4E49D4-9CED-4EB6-9E40-277CD5BFFE3D}.Debug|Mixed Platforms.Build.0 = Debug|Any CPU
		{AD4E49D4-9CED-4EB6-9E40-277CD5BFFE3D}.Debug|Win32.ActiveCfg = Debug|Any CPU
		{AD4E49D4-9CED-4EB6-9E40-277CD5BFFE3D}.Release|Any CPU.ActiveCfg = Release|Any CPU
		{AD4E49D4-9CED-4EB6-9E40-277CD5BFFE3D}.Release|Mixed Platforms.ActiveCfg = Release|Any CPU
		{AD4E49D4-9CED-4EB6-9E40-277CD5BFFE3D}.Release|Mixed Platforms.Build.0 = Release|Any CPU
		{AD4E49D4-9CED-4EB6-9E40-277CD5BFFE3D}.Release|Win32.ActiveCfg = Release|Any CPU
	EndGlobalSection
	GlobalSection(SolutionProperties) = preSolution
		HideSolutionNode = FALSE
	EndGlobalSection
EndGlobal
